
Microsoft Visual Studio Solution File, Format Version 12.00
# Visual Studio 15
VisualStudioVersion = 15.0.26403.0
MinimumVisualStudioVersion = 10.0.40219.1
Project("{FAE04EC0-301F-11D3-BF4B-00C04F79EFBC}") = "CqrsFramework", "Framework\CqrsFramework\CqrsFramework.csproj", "{2DF95572-5CF5-463A-97D0-DFF3C72FD6EF}"
EndProject
Project("{FAE04EC0-301F-11D3-BF4B-00C04F79EFBC}") = "CqrsFramework.Tests.Extensions", "Framework\CqrsFramework.Tests.Extensions\CqrsFramework.Tests.Extensions.csproj", "{DDD75F6D-1B10-462E-9D26-AFE883736AC9}"
EndProject
Project("{FAE04EC0-301F-11D3-BF4B-00C04F79EFBC}") = "CqrsFramework.Tests", "Framework\CqrsFramework.Tests\CqrsFramework.Tests.csproj", "{29717E0D-4FB3-4B59-ACB2-41F7756A57F5}"
EndProject
Project("{2150E333-8FDC-42A3-9474-1A3956D46DE8}") = "Framework", "Framework", "{CCDA44F7-DC3F-4337-8D2B-005AE17A5B73}"
EndProject
Project("{2150E333-8FDC-42A3-9474-1A3956D46DE8}") = "Sample", "Sample", "{C26B01E4-52DF-4FF2-8B4F-ECB41998FE23}"
EndProject
Project("{FAE04EC0-301F-11D3-BF4B-00C04F79EFBC}") = "CqrsFramework.Extensions", "Framework\CqrsFramework.Extensions\CqrsFramework.Extensions.csproj", "{7D7611F0-9498-4050-A880-D06383BDB1E9}"
EndProject
Project("{2150E333-8FDC-42A3-9474-1A3956D46DE8}") = "Reservation", "Reservation", "{FBB18596-DF87-4833-A852-C0730D77B93C}"
EndProject
Project("{2150E333-8FDC-42A3-9474-1A3956D46DE8}") = "Business", "Business", "{D84826F2-FCF7-457C-9FAA-C7B7E209113B}"
EndProject
Project("{FAE04EC0-301F-11D3-BF4B-00C04F79EFBC}") = "CqrsFramework.EventStore.MongoDB", "Framework\CqrsFramework.EventStore.MongoDB\CqrsFramework.EventStore.MongoDB.csproj", "{ADFAC7CD-9D83-4FE9-8314-5EE382B4D564}"
EndProject
Project("{FAE04EC0-301F-11D3-BF4B-00C04F79EFBC}") = "CqrsFramework.EventStore.SqlServerDB", "Framework\CqrsFramework.EventStore.SqlServerDB\CqrsFramework.EventStore.SqlServerDB.csproj", "{9381ADA7-D4B5-452E-AC28-B7FAF2CF1561}"
EndProject
Project("{2150E333-8FDC-42A3-9474-1A3956D46DE8}") = "Registration", "Registration", "{20D3287F-2612-41AC-90DD-8A91450FBC7A}"
EndProject
Project("{FAE04EC0-301F-11D3-BF4B-00C04F79EFBC}") = "Business.Domain", "Sample\Reservation\Business.Domain\Business.Domain.csproj", "{EF6F2A6C-E9A7-4850-A734-8A86B383FAC1}"
EndProject
Project("{FAE04EC0-301F-11D3-BF4B-00C04F79EFBC}") = "Registration.Domain", "Sample\Reservation\Registration.Domain\Registration.Domain.csproj", "{0E181A83-A491-4063-AB69-0FB285F62AA3}"
EndProject
Project("{FAE04EC0-301F-11D3-BF4B-00C04F79EFBC}") = "Registration.Infra.Data", "Sample\Reservation\Registration.Infra.Data\Registration.Infra.Data.csproj", "{4667A63D-D39E-4EFD-BBDF-B47EB22EC603}"
EndProject
Project("{FAE04EC0-301F-11D3-BF4B-00C04F79EFBC}") = "Business.Application", "Sample\Reservation\Business.Application\Business.Application.csproj", "{88EAFC89-4194-4B73-9543-47271C5C1C48}"
EndProject
Project("{FAE04EC0-301F-11D3-BF4B-00C04F79EFBC}") = "Business.WebApi", "Sample\Reservation\Business.WebApi\Business.WebApi.csproj", "{D93CB0B8-585B-4590-8A76-9D04CD254E38}"
EndProject
Project("{FAE04EC0-301F-11D3-BF4B-00C04F79EFBC}") = "DatabaseInitializer", "Sample\Reservation\DatabaseInitializer\DatabaseInitializer.csproj", "{93EA8437-A761-41EB-B1E7-185A79FDF2BF}"
EndProject
Project("{FAE04EC0-301F-11D3-BF4B-00C04F79EFBC}") = "Business.Infra.Data", "Sample\Reservation\Business.Infra.Data\Business.Infra.Data.csproj", "{EAD8E533-2A55-4D95-9302-71299DAC0323}"
EndProject
Project("{2150E333-8FDC-42A3-9474-1A3956D46DE8}") = "Infrastructure", "Infrastructure", "{D656AB78-CC81-4843-A5FA-FDC5A4F18D4B}"
EndProject
Project("{FAE04EC0-301F-11D3-BF4B-00C04F79EFBC}") = "Infrastructure", "Sample\Infrastructure\Infrastructure.csproj", "{544FDD22-45CB-423B-9582-AF4CC25CF3D6}"
EndProject
Project("{FAE04EC0-301F-11D3-BF4B-00C04F79EFBC}") = "Business.Domain.UnitTests", "Sample\Reservation\Business.Domain.UnitTests\Business.Domain.UnitTests.csproj", "{7D3D36E8-3A24-4C51-A94D-389B0B96C208}"
EndProject
Project("{FAE04EC0-301F-11D3-BF4B-00C04F79EFBC}") = "WorkerRoleCommandProcessor", "Sample\Reservation\WorkerRoleCommandProcessor\WorkerRoleCommandProcessor.csproj", "{5261BCC0-2C51-4D44-88EC-6F661767F7BD}"
EndProject
Project("{2150E333-8FDC-42A3-9474-1A3956D46DE8}") = "SaaSEqt", "SaaSEqt", "{E12B9938-F5BD-4DAD-8212-AE9ADA256858}"
EndProject
Project("{FAE04EC0-301F-11D3-BF4B-00C04F79EFBC}") = "SaaSEqt.Common", "Sample\SaaSEqt\Common\SaaSEqt.Common.csproj", "{79D288AC-F465-458E-8D4E-4E38D2EF08A5}"
EndProject
Project("{2150E333-8FDC-42A3-9474-1A3956D46DE8}") = "IdentityAccess", "IdentityAccess", "{9A938A86-5B6C-4978-A59B-7CA71B9F73E7}"
EndProject
Project("{FAE04EC0-301F-11D3-BF4B-00C04F79EFBC}") = "SaaSEqt.IdentityAccess", "Sample\SaaSEqt\IdentityAccess\IdentityAccess\SaaSEqt.IdentityAccess.csproj", "{7CE3AD48-E0C7-4C7E-810F-6EE2A4BF29D4}"
EndProject
Project("{FAE04EC0-301F-11D3-BF4B-00C04F79EFBC}") = "SaaSEqt.Application", "Sample\SaaSEqt\IdentityAccess\Application\SaaSEqt.Application.csproj", "{2BEB6D6D-E575-4D6A-BCBF-216D0C32221C}"
EndProject
Project("{FAE04EC0-301F-11D3-BF4B-00C04F79EFBC}") = "SaaSEqt.IdentityAccess.Infra.Data", "Sample\SaaSEqt\IdentityAccess\IdentityAccess.Infra.Data\SaaSEqt.IdentityAccess.Infra.Data.csproj", "{A7FA695C-CE1E-4861-8768-37B5E3FF93B6}"
EndProject
Project("{FAE04EC0-301F-11D3-BF4B-00C04F79EFBC}") = "SaaSEqt.IdentityAccess.Test", "Sample\SaaSEqt\IdentityAccess\IdentityAccess.Test\SaaSEqt.IdentityAccess.Test.csproj", "{51A82810-CB40-4948-ADFB-0D3E95F83514}"
EndProject
Project("{FAE04EC0-301F-11D3-BF4B-00C04F79EFBC}") = "Reservation.ClientWebApi", "Sample\Reservation\Reservation.ClientWebApi\Reservation.ClientWebApi.csproj", "{5F235465-52D6-4154-99BA-F53D76938827}"
EndProject
Project("{E53339B2-1760-4266-BCC7-CA923CBCF16C}") = "docker-compose", "docker-compose.dcproj", "{653B9F3C-44DF-48CA-BDD2-B3EC336B749B}"
EndProject
Project("{FAE04EC0-301F-11D3-BF4B-00C04F79EFBC}") = "RabbitMQTest", "Sample\RabbitMQTest\RabbitMQTest.csproj", "{695284A9-B46C-4F85-8271-A561FC2D2200}"
EndProject
Global
	GlobalSection(SolutionConfigurationPlatforms) = preSolution
		Debug|Any CPU = Debug|Any CPU
		Release|Any CPU = Release|Any CPU
	EndGlobalSection
	GlobalSection(ProjectConfigurationPlatforms) = postSolution
		{2DF95572-5CF5-463A-97D0-DFF3C72FD6EF}.Debug|Any CPU.ActiveCfg = Debug|Any CPU
		{2DF95572-5CF5-463A-97D0-DFF3C72FD6EF}.Debug|Any CPU.Build.0 = Debug|Any CPU
		{2DF95572-5CF5-463A-97D0-DFF3C72FD6EF}.Release|Any CPU.ActiveCfg = Release|Any CPU
		{2DF95572-5CF5-463A-97D0-DFF3C72FD6EF}.Release|Any CPU.Build.0 = Release|Any CPU
		{DDD75F6D-1B10-462E-9D26-AFE883736AC9}.Debug|Any CPU.ActiveCfg = Debug|Any CPU
		{DDD75F6D-1B10-462E-9D26-AFE883736AC9}.Debug|Any CPU.Build.0 = Debug|Any CPU
		{DDD75F6D-1B10-462E-9D26-AFE883736AC9}.Release|Any CPU.ActiveCfg = Release|Any CPU
		{DDD75F6D-1B10-462E-9D26-AFE883736AC9}.Release|Any CPU.Build.0 = Release|Any CPU
		{29717E0D-4FB3-4B59-ACB2-41F7756A57F5}.Debug|Any CPU.ActiveCfg = Debug|Any CPU
		{29717E0D-4FB3-4B59-ACB2-41F7756A57F5}.Debug|Any CPU.Build.0 = Debug|Any CPU
		{29717E0D-4FB3-4B59-ACB2-41F7756A57F5}.Release|Any CPU.ActiveCfg = Release|Any CPU
		{29717E0D-4FB3-4B59-ACB2-41F7756A57F5}.Release|Any CPU.Build.0 = Release|Any CPU
		{7D7611F0-9498-4050-A880-D06383BDB1E9}.Debug|Any CPU.ActiveCfg = Debug|Any CPU
		{7D7611F0-9498-4050-A880-D06383BDB1E9}.Debug|Any CPU.Build.0 = Debug|Any CPU
		{7D7611F0-9498-4050-A880-D06383BDB1E9}.Release|Any CPU.ActiveCfg = Release|Any CPU
		{7D7611F0-9498-4050-A880-D06383BDB1E9}.Release|Any CPU.Build.0 = Release|Any CPU
		{ADFAC7CD-9D83-4FE9-8314-5EE382B4D564}.Debug|Any CPU.ActiveCfg = Debug|Any CPU
		{ADFAC7CD-9D83-4FE9-8314-5EE382B4D564}.Debug|Any CPU.Build.0 = Debug|Any CPU
		{ADFAC7CD-9D83-4FE9-8314-5EE382B4D564}.Release|Any CPU.ActiveCfg = Release|Any CPU
		{ADFAC7CD-9D83-4FE9-8314-5EE382B4D564}.Release|Any CPU.Build.0 = Release|Any CPU
		{9381ADA7-D4B5-452E-AC28-B7FAF2CF1561}.Debug|Any CPU.ActiveCfg = Debug|Any CPU
		{9381ADA7-D4B5-452E-AC28-B7FAF2CF1561}.Debug|Any CPU.Build.0 = Debug|Any CPU
		{9381ADA7-D4B5-452E-AC28-B7FAF2CF1561}.Release|Any CPU.ActiveCfg = Release|Any CPU
		{9381ADA7-D4B5-452E-AC28-B7FAF2CF1561}.Release|Any CPU.Build.0 = Release|Any CPU
		{EF6F2A6C-E9A7-4850-A734-8A86B383FAC1}.Debug|Any CPU.ActiveCfg = Debug|Any CPU
		{EF6F2A6C-E9A7-4850-A734-8A86B383FAC1}.Debug|Any CPU.Build.0 = Debug|Any CPU
		{EF6F2A6C-E9A7-4850-A734-8A86B383FAC1}.Release|Any CPU.ActiveCfg = Release|Any CPU
		{EF6F2A6C-E9A7-4850-A734-8A86B383FAC1}.Release|Any CPU.Build.0 = Release|Any CPU
		{0E181A83-A491-4063-AB69-0FB285F62AA3}.Debug|Any CPU.ActiveCfg = Debug|Any CPU
		{0E181A83-A491-4063-AB69-0FB285F62AA3}.Debug|Any CPU.Build.0 = Debug|Any CPU
		{0E181A83-A491-4063-AB69-0FB285F62AA3}.Release|Any CPU.ActiveCfg = Release|Any CPU
		{0E181A83-A491-4063-AB69-0FB285F62AA3}.Release|Any CPU.Build.0 = Release|Any CPU
		{4667A63D-D39E-4EFD-BBDF-B47EB22EC603}.Debug|Any CPU.ActiveCfg = Debug|Any CPU
		{4667A63D-D39E-4EFD-BBDF-B47EB22EC603}.Debug|Any CPU.Build.0 = Debug|Any CPU
		{4667A63D-D39E-4EFD-BBDF-B47EB22EC603}.Release|Any CPU.ActiveCfg = Release|Any CPU
		{4667A63D-D39E-4EFD-BBDF-B47EB22EC603}.Release|Any CPU.Build.0 = Release|Any CPU
		{88EAFC89-4194-4B73-9543-47271C5C1C48}.Debug|Any CPU.ActiveCfg = Debug|Any CPU
		{88EAFC89-4194-4B73-9543-47271C5C1C48}.Debug|Any CPU.Build.0 = Debug|Any CPU
		{88EAFC89-4194-4B73-9543-47271C5C1C48}.Release|Any CPU.ActiveCfg = Release|Any CPU
		{88EAFC89-4194-4B73-9543-47271C5C1C48}.Release|Any CPU.Build.0 = Release|Any CPU
		{D93CB0B8-585B-4590-8A76-9D04CD254E38}.Debug|Any CPU.ActiveCfg = Debug|Any CPU
		{D93CB0B8-585B-4590-8A76-9D04CD254E38}.Debug|Any CPU.Build.0 = Debug|Any CPU
		{D93CB0B8-585B-4590-8A76-9D04CD254E38}.Release|Any CPU.ActiveCfg = Release|Any CPU
		{D93CB0B8-585B-4590-8A76-9D04CD254E38}.Release|Any CPU.Build.0 = Release|Any CPU
		{93EA8437-A761-41EB-B1E7-185A79FDF2BF}.Debug|Any CPU.ActiveCfg = Debug|Any CPU
		{93EA8437-A761-41EB-B1E7-185A79FDF2BF}.Debug|Any CPU.Build.0 = Debug|Any CPU
		{93EA8437-A761-41EB-B1E7-185A79FDF2BF}.Release|Any CPU.ActiveCfg = Release|Any CPU
		{93EA8437-A761-41EB-B1E7-185A79FDF2BF}.Release|Any CPU.Build.0 = Release|Any CPU
		{EAD8E533-2A55-4D95-9302-71299DAC0323}.Debug|Any CPU.ActiveCfg = Debug|Any CPU
		{EAD8E533-2A55-4D95-9302-71299DAC0323}.Debug|Any CPU.Build.0 = Debug|Any CPU
		{EAD8E533-2A55-4D95-9302-71299DAC0323}.Release|Any CPU.ActiveCfg = Release|Any CPU
		{EAD8E533-2A55-4D95-9302-71299DAC0323}.Release|Any CPU.Build.0 = Release|Any CPU
		{544FDD22-45CB-423B-9582-AF4CC25CF3D6}.Debug|Any CPU.ActiveCfg = Debug|Any CPU
		{544FDD22-45CB-423B-9582-AF4CC25CF3D6}.Debug|Any CPU.Build.0 = Debug|Any CPU
		{544FDD22-45CB-423B-9582-AF4CC25CF3D6}.Release|Any CPU.ActiveCfg = Release|Any CPU
		{544FDD22-45CB-423B-9582-AF4CC25CF3D6}.Release|Any CPU.Build.0 = Release|Any CPU
		{7D3D36E8-3A24-4C51-A94D-389B0B96C208}.Debug|Any CPU.ActiveCfg = Debug|Any CPU
		{7D3D36E8-3A24-4C51-A94D-389B0B96C208}.Debug|Any CPU.Build.0 = Debug|Any CPU
		{7D3D36E8-3A24-4C51-A94D-389B0B96C208}.Release|Any CPU.ActiveCfg = Release|Any CPU
		{7D3D36E8-3A24-4C51-A94D-389B0B96C208}.Release|Any CPU.Build.0 = Release|Any CPU
		{5261BCC0-2C51-4D44-88EC-6F661767F7BD}.Debug|Any CPU.ActiveCfg = Debug|Any CPU
		{5261BCC0-2C51-4D44-88EC-6F661767F7BD}.Debug|Any CPU.Build.0 = Debug|Any CPU
		{5261BCC0-2C51-4D44-88EC-6F661767F7BD}.Release|Any CPU.ActiveCfg = Release|Any CPU
		{5261BCC0-2C51-4D44-88EC-6F661767F7BD}.Release|Any CPU.Build.0 = Release|Any CPU
		{79D288AC-F465-458E-8D4E-4E38D2EF08A5}.Debug|Any CPU.ActiveCfg = Debug|Any CPU
		{79D288AC-F465-458E-8D4E-4E38D2EF08A5}.Debug|Any CPU.Build.0 = Debug|Any CPU
		{79D288AC-F465-458E-8D4E-4E38D2EF08A5}.Release|Any CPU.ActiveCfg = Release|Any CPU
		{79D288AC-F465-458E-8D4E-4E38D2EF08A5}.Release|Any CPU.Build.0 = Release|Any CPU
		{7CE3AD48-E0C7-4C7E-810F-6EE2A4BF29D4}.Debug|Any CPU.ActiveCfg = Debug|Any CPU
		{7CE3AD48-E0C7-4C7E-810F-6EE2A4BF29D4}.Debug|Any CPU.Build.0 = Debug|Any CPU
		{7CE3AD48-E0C7-4C7E-810F-6EE2A4BF29D4}.Release|Any CPU.ActiveCfg = Release|Any CPU
		{7CE3AD48-E0C7-4C7E-810F-6EE2A4BF29D4}.Release|Any CPU.Build.0 = Release|Any CPU
		{2BEB6D6D-E575-4D6A-BCBF-216D0C32221C}.Debug|Any CPU.ActiveCfg = Debug|Any CPU
		{2BEB6D6D-E575-4D6A-BCBF-216D0C32221C}.Debug|Any CPU.Build.0 = Debug|Any CPU
		{2BEB6D6D-E575-4D6A-BCBF-216D0C32221C}.Release|Any CPU.ActiveCfg = Release|Any CPU
		{2BEB6D6D-E575-4D6A-BCBF-216D0C32221C}.Release|Any CPU.Build.0 = Release|Any CPU
		{A7FA695C-CE1E-4861-8768-37B5E3FF93B6}.Debug|Any CPU.ActiveCfg = Debug|Any CPU
		{A7FA695C-CE1E-4861-8768-37B5E3FF93B6}.Debug|Any CPU.Build.0 = Debug|Any CPU
		{A7FA695C-CE1E-4861-8768-37B5E3FF93B6}.Release|Any CPU.ActiveCfg = Release|Any CPU
		{A7FA695C-CE1E-4861-8768-37B5E3FF93B6}.Release|Any CPU.Build.0 = Release|Any CPU
		{51A82810-CB40-4948-ADFB-0D3E95F83514}.Debug|Any CPU.ActiveCfg = Debug|Any CPU
		{51A82810-CB40-4948-ADFB-0D3E95F83514}.Debug|Any CPU.Build.0 = Debug|Any CPU
		{51A82810-CB40-4948-ADFB-0D3E95F83514}.Release|Any CPU.ActiveCfg = Release|Any CPU
		{51A82810-CB40-4948-ADFB-0D3E95F83514}.Release|Any CPU.Build.0 = Release|Any CPU
		{5F235465-52D6-4154-99BA-F53D76938827}.Debug|Any CPU.ActiveCfg = Debug|Any CPU
		{5F235465-52D6-4154-99BA-F53D76938827}.Debug|Any CPU.Build.0 = Debug|Any CPU
		{5F235465-52D6-4154-99BA-F53D76938827}.Release|Any CPU.ActiveCfg = Release|Any CPU
		{5F235465-52D6-4154-99BA-F53D76938827}.Release|Any CPU.Build.0 = Release|Any CPU
		{653B9F3C-44DF-48CA-BDD2-B3EC336B749B}.Debug|Any CPU.ActiveCfg = Debug|Any CPU
		{653B9F3C-44DF-48CA-BDD2-B3EC336B749B}.Debug|Any CPU.Build.0 = Debug|Any CPU
		{653B9F3C-44DF-48CA-BDD2-B3EC336B749B}.Release|Any CPU.ActiveCfg = Release|Any CPU
		{653B9F3C-44DF-48CA-BDD2-B3EC336B749B}.Release|Any CPU.Build.0 = Release|Any CPU
		{695284A9-B46C-4F85-8271-A561FC2D2200}.Debug|Any CPU.ActiveCfg = Debug|Any CPU
		{695284A9-B46C-4F85-8271-A561FC2D2200}.Debug|Any CPU.Build.0 = Debug|Any CPU
		{695284A9-B46C-4F85-8271-A561FC2D2200}.Release|Any CPU.ActiveCfg = Release|Any CPU
		{695284A9-B46C-4F85-8271-A561FC2D2200}.Release|Any CPU.Build.0 = Release|Any CPU
	EndGlobalSection
	GlobalSection(SolutionProperties) = preSolution
		HideSolutionNode = FALSE
	EndGlobalSection
	GlobalSection(NestedProjects) = preSolution
		{2DF95572-5CF5-463A-97D0-DFF3C72FD6EF} = {CCDA44F7-DC3F-4337-8D2B-005AE17A5B73}
		{DDD75F6D-1B10-462E-9D26-AFE883736AC9} = {CCDA44F7-DC3F-4337-8D2B-005AE17A5B73}
		{29717E0D-4FB3-4B59-ACB2-41F7756A57F5} = {CCDA44F7-DC3F-4337-8D2B-005AE17A5B73}
		{7D7611F0-9498-4050-A880-D06383BDB1E9} = {CCDA44F7-DC3F-4337-8D2B-005AE17A5B73}
		{FBB18596-DF87-4833-A852-C0730D77B93C} = {C26B01E4-52DF-4FF2-8B4F-ECB41998FE23}
		{D84826F2-FCF7-457C-9FAA-C7B7E209113B} = {FBB18596-DF87-4833-A852-C0730D77B93C}
		{ADFAC7CD-9D83-4FE9-8314-5EE382B4D564} = {CCDA44F7-DC3F-4337-8D2B-005AE17A5B73}
		{9381ADA7-D4B5-452E-AC28-B7FAF2CF1561} = {CCDA44F7-DC3F-4337-8D2B-005AE17A5B73}
		{20D3287F-2612-41AC-90DD-8A91450FBC7A} = {FBB18596-DF87-4833-A852-C0730D77B93C}
		{EF6F2A6C-E9A7-4850-A734-8A86B383FAC1} = {D84826F2-FCF7-457C-9FAA-C7B7E209113B}
		{0E181A83-A491-4063-AB69-0FB285F62AA3} = {20D3287F-2612-41AC-90DD-8A91450FBC7A}
		{4667A63D-D39E-4EFD-BBDF-B47EB22EC603} = {20D3287F-2612-41AC-90DD-8A91450FBC7A}
		{88EAFC89-4194-4B73-9543-47271C5C1C48} = {D84826F2-FCF7-457C-9FAA-C7B7E209113B}
		{D93CB0B8-585B-4590-8A76-9D04CD254E38} = {D84826F2-FCF7-457C-9FAA-C7B7E209113B}
		{93EA8437-A761-41EB-B1E7-185A79FDF2BF} = {FBB18596-DF87-4833-A852-C0730D77B93C}
		{EAD8E533-2A55-4D95-9302-71299DAC0323} = {D84826F2-FCF7-457C-9FAA-C7B7E209113B}
		{D656AB78-CC81-4843-A5FA-FDC5A4F18D4B} = {FBB18596-DF87-4833-A852-C0730D77B93C}
		{544FDD22-45CB-423B-9582-AF4CC25CF3D6} = {D656AB78-CC81-4843-A5FA-FDC5A4F18D4B}
		{7D3D36E8-3A24-4C51-A94D-389B0B96C208} = {D84826F2-FCF7-457C-9FAA-C7B7E209113B}
		{5261BCC0-2C51-4D44-88EC-6F661767F7BD} = {FBB18596-DF87-4833-A852-C0730D77B93C}
		{E12B9938-F5BD-4DAD-8212-AE9ADA256858} = {C26B01E4-52DF-4FF2-8B4F-ECB41998FE23}
		{79D288AC-F465-458E-8D4E-4E38D2EF08A5} = {E12B9938-F5BD-4DAD-8212-AE9ADA256858}
		{9A938A86-5B6C-4978-A59B-7CA71B9F73E7} = {E12B9938-F5BD-4DAD-8212-AE9ADA256858}
		{7CE3AD48-E0C7-4C7E-810F-6EE2A4BF29D4} = {9A938A86-5B6C-4978-A59B-7CA71B9F73E7}
		{2BEB6D6D-E575-4D6A-BCBF-216D0C32221C} = {9A938A86-5B6C-4978-A59B-7CA71B9F73E7}
		{A7FA695C-CE1E-4861-8768-37B5E3FF93B6} = {9A938A86-5B6C-4978-A59B-7CA71B9F73E7}
		{51A82810-CB40-4948-ADFB-0D3E95F83514} = {9A938A86-5B6C-4978-A59B-7CA71B9F73E7}
		{5F235465-52D6-4154-99BA-F53D76938827} = {20D3287F-2612-41AC-90DD-8A91450FBC7A}
		{695284A9-B46C-4F85-8271-A561FC2D2200} = {FBB18596-DF87-4833-A852-C0730D77B93C}
	EndGlobalSection
EndGlobal
