
Microsoft Visual Studio Solution File, Format Version 12.00
# Visual Studio 15
VisualStudioVersion = 15.0.26403.0
MinimumVisualStudioVersion = 10.0.40219.1
Project("{FAE04EC0-301F-11D3-BF4B-00C04F79EFBC}") = "CqrsFramework", "Framework\CqrsFramework\CqrsFramework.csproj", "{2DF95572-5CF5-463A-97D0-DFF3C72FD6EF}"
EndProject
Project("{FAE04EC0-301F-11D3-BF4B-00C04F79EFBC}") = "CqrsFramework.Tests.Extensions", "Framework\CqrsFramework.Tests.Extensions\CqrsFramework.Tests.Extensions.csproj", "{DDD75F6D-1B10-462E-9D26-AFE883736AC9}"
EndProject
Project("{FAE04EC0-301F-11D3-BF4B-00C04F79EFBC}") = "CqrsFramework.Tests", "Framework\CqrsFramework.Tests\CqrsFramework.Tests.csproj", "{29717E0D-4FB3-4B59-ACB2-41F7756A57F5}"
EndProject
Project("{2150E333-8FDC-42A3-9474-1A3956D46DE8}") = "Framework", "Framework", "{CCDA44F7-DC3F-4337-8D2B-005AE17A5B73}"
EndProject
Project("{2150E333-8FDC-42A3-9474-1A3956D46DE8}") = "Sample", "Sample", "{C26B01E4-52DF-4FF2-8B4F-ECB41998FE23}"
EndProject
Project("{FAE04EC0-301F-11D3-BF4B-00C04F79EFBC}") = "CqrsFramework.Extensions", "Framework\CqrsFramework.Extensions\CqrsFramework.Extensions.csproj", "{7D7611F0-9498-4050-A880-D06383BDB1E9}"
EndProject
Project("{2150E333-8FDC-42A3-9474-1A3956D46DE8}") = "Reservation", "Reservation", "{FBB18596-DF87-4833-A852-C0730D77B93C}"
EndProject
Project("{FAE04EC0-301F-11D3-BF4B-00C04F79EFBC}") = "CqrsFramework.EventStore.MongoDB", "Framework\CqrsFramework.EventStore.MongoDB\CqrsFramework.EventStore.MongoDB.csproj", "{ADFAC7CD-9D83-4FE9-8314-5EE382B4D564}"
EndProject
Project("{FAE04EC0-301F-11D3-BF4B-00C04F79EFBC}") = "CqrsFramework.EventStore.SqlServerDB", "Framework\CqrsFramework.EventStore.SqlServerDB\CqrsFramework.EventStore.SqlServerDB.csproj", "{9381ADA7-D4B5-452E-AC28-B7FAF2CF1561}"
EndProject
Project("{FAE04EC0-301F-11D3-BF4B-00C04F79EFBC}") = "CqrsFramework.Bus.RabbitMQ", "Framework\CqrsFramework.Bus.RabbitMQ\CqrsFramework.Bus.RabbitMQ.csproj", "{0E80C14B-E6E2-44AD-B307-8B44A14009D8}"
EndProject
Project("{2150E333-8FDC-42A3-9474-1A3956D46DE8}") = "Services", "Services", "{758ACD84-D8E2-4ED2-830E-718CF8F44E80}"
EndProject
Project("{2150E333-8FDC-42A3-9474-1A3956D46DE8}") = "Basket", "Basket", "{29A4E306-D48B-4F8E-9806-EC88A84909AB}"
EndProject
Project("{2150E333-8FDC-42A3-9474-1A3956D46DE8}") = "Catalog", "Catalog", "{151C2F7D-2C60-409B-ABD1-2FB92BB889D0}"
EndProject
Project("{2150E333-8FDC-42A3-9474-1A3956D46DE8}") = "IdentityAccess", "IdentityAccess", "{E6EB41EF-6AF2-4AFA-9974-F863A00C332D}"
EndProject
Project("{2150E333-8FDC-42A3-9474-1A3956D46DE8}") = "Site", "Site", "{41EA523D-4F9A-4308-85AC-1B37CAF6EB29}"
EndProject
Project("{2150E333-8FDC-42A3-9474-1A3956D46DE8}") = "Marketing", "Marketing", "{AFA1E0D8-755C-4E52-BE54-7CA85B90A387}"
EndProject
Project("{2150E333-8FDC-42A3-9474-1A3956D46DE8}") = "Ordering", "Ordering", "{841A5922-A7EC-41EE-8A34-F876FC971139}"
EndProject
Project("{2150E333-8FDC-42A3-9474-1A3956D46DE8}") = "Payment", "Payment", "{07CB7911-242E-432F-91E2-A2266DBC9C63}"
EndProject
Project("{FAE04EC0-301F-11D3-BF4B-00C04F79EFBC}") = "Site.Api", "Sample\Reservation\src\Services\Site\Site.Api\Site.Api.csproj", "{B4FFCFF8-A973-4A8E-909D-6063022511BA}"
EndProject
Project("{FAE04EC0-301F-11D3-BF4B-00C04F79EFBC}") = "IdentityAccess.Api", "Sample\Reservation\src\Services\IdentityAccess\IdentityAccess.Api\IdentityAccess.Api.csproj", "{86A7D739-0543-4538-BF10-938EE313A03A}"
EndProject
Project("{FAE04EC0-301F-11D3-BF4B-00C04F79EFBC}") = "Catalog.Api", "Sample\Reservation\src\Services\Catalog\Catalog.Api\Catalog.Api.csproj", "{098B87F7-CE4C-42B8-8C6E-30EEF01922B7}"
EndProject
Project("{2150E333-8FDC-42A3-9474-1A3956D46DE8}") = "Schedule", "Schedule", "{0505AB92-62F1-42F8-B6F4-7ACF1D319773}"
EndProject
Project("{2150E333-8FDC-42A3-9474-1A3956D46DE8}") = "v1", "v1", "{8666C2DB-1980-4E22-840B-52E4AD6A8CF4}"
EndProject
Project("{2150E333-8FDC-42A3-9474-1A3956D46DE8}") = "Business", "Business", "{93D9D871-8FF7-443F-9885-6FE980285EB1}"
EndProject
Project("{2150E333-8FDC-42A3-9474-1A3956D46DE8}") = "Registration", "Registration", "{AD5C9594-7974-47EB-92C7-733C155BCAA6}"
EndProject
Project("{FAE04EC0-301F-11D3-BF4B-00C04F79EFBC}") = "Business.Application", "Sample\Reservation\v1\Business\Business.Application\Business.Application.csproj", "{56555B34-8591-45A3-9E04-09E9D6A132ED}"
EndProject
Project("{FAE04EC0-301F-11D3-BF4B-00C04F79EFBC}") = "Business.Contracts", "Sample\Reservation\v1\Business\Business.Contracts\Business.Contracts.csproj", "{ED3CFC88-F655-4D81-B804-1B856C643A84}"
EndProject
Project("{FAE04EC0-301F-11D3-BF4B-00C04F79EFBC}") = "Business.Domain", "Sample\Reservation\v1\Business\Business.Domain\Business.Domain.csproj", "{B679562E-9F24-44F5-A2B7-7CAFA1345A45}"
EndProject
Project("{FAE04EC0-301F-11D3-BF4B-00C04F79EFBC}") = "Business.Infra.Data", "Sample\Reservation\v1\Business\Business.Infra.Data\Business.Infra.Data.csproj", "{2F2DE914-B249-4B3D-A1DB-A7D87DF52C1E}"
EndProject
Project("{FAE04EC0-301F-11D3-BF4B-00C04F79EFBC}") = "Business.WebApi", "Sample\Reservation\v1\Business\Business.WebApi\Business.WebApi.csproj", "{2E413386-5DD6-4B43-8672-A49C65CC1C61}"
EndProject
Project("{FAE04EC0-301F-11D3-BF4B-00C04F79EFBC}") = "Registration.Application", "Sample\Reservation\v1\Registration\Registration.Application\Registration.Application.csproj", "{61701269-788C-41BB-8767-11760883FD28}"
EndProject
Project("{FAE04EC0-301F-11D3-BF4B-00C04F79EFBC}") = "Registration.ClientWebApi", "Sample\Reservation\v1\Registration\Registration.ClientWebApi\Registration.ClientWebApi.csproj", "{5EE42B4E-4816-4579-AE35-5E8DDA282C72}"
EndProject
Project("{FAE04EC0-301F-11D3-BF4B-00C04F79EFBC}") = "Registration.Contracts", "Sample\Reservation\v1\Registration\Registration.Contracts\Registration.Contracts.csproj", "{9B5403F9-B7BA-493A-9D5D-7D1BB6533070}"
EndProject
Project("{FAE04EC0-301F-11D3-BF4B-00C04F79EFBC}") = "Registration.Domain", "Sample\Reservation\v1\Registration\Registration.Domain\Registration.Domain.csproj", "{7C98FB32-013F-4678-876D-2DAC614200BB}"
EndProject
Project("{FAE04EC0-301F-11D3-BF4B-00C04F79EFBC}") = "Registration.Infra.Data", "Sample\Reservation\v1\Registration\Registration.Infra.Data\Registration.Infra.Data.csproj", "{CD6CD11A-599D-4073-9E9E-D594FB81E1ED}"
EndProject
Project("{2150E333-8FDC-42A3-9474-1A3956D46DE8}") = "Infrastructure", "Infrastructure", "{9CFC7A59-2C9F-4D52-A915-B77957B52031}"
EndProject
Project("{2150E333-8FDC-42A3-9474-1A3956D46DE8}") = "IdentityAccess", "IdentityAccess", "{D60CBDF4-939F-49B9-9A6C-0CB3A82718D8}"
EndProject
Project("{FAE04EC0-301F-11D3-BF4B-00C04F79EFBC}") = "SaaSEqt.Common", "Sample\SaaSEqt\Common\SaaSEqt.Common.csproj", "{062CCDF5-F6BC-465D-9581-CB89295E751E}"
EndProject
Project("{FAE04EC0-301F-11D3-BF4B-00C04F79EFBC}") = "SaaSEqt.Application", "Sample\SaaSEqt\IdentityAccess\Application\SaaSEqt.Application.csproj", "{401114B9-F979-4E3A-80D0-75D3F997C749}"
EndProject
Project("{FAE04EC0-301F-11D3-BF4B-00C04F79EFBC}") = "SaaSEqt.IdentityAccess", "Sample\SaaSEqt\IdentityAccess\IdentityAccess\SaaSEqt.IdentityAccess.csproj", "{88E6F692-E54F-4EAD-8AA0-FC2A75B96EB5}"
EndProject
Project("{FAE04EC0-301F-11D3-BF4B-00C04F79EFBC}") = "SaaSEqt.IdentityAccess.Infra.Data", "Sample\SaaSEqt\IdentityAccess\IdentityAccess.Infra.Data\SaaSEqt.IdentityAccess.Infra.Data.csproj", "{652A69A7-E688-4EBA-BBF6-2A09571A79FB}"
EndProject
Project("{FAE04EC0-301F-11D3-BF4B-00C04F79EFBC}") = "Infrastructure.IoC", "Sample\Reservation\v1\Infrastructure.IoC\Infrastructure.IoC.csproj", "{0F3DAB0B-053D-4DB0-93E1-8A02268393CD}"
EndProject
Project("{2150E333-8FDC-42A3-9474-1A3956D46DE8}") = "WorkerRoleCommandProcessor", "WorkerRoleCommandProcessor", "{3F07E60B-B177-48F7-ADB3-034E2EA5FC97}"
EndProject
Project("{FAE04EC0-301F-11D3-BF4B-00C04F79EFBC}") = "WorkerRoleCommandProcessor", "Sample\Reservation\v1\WorkerRoleCommandProcessor\WorkerRoleCommandProcessor.csproj", "{A0BC9678-E38B-4C89-BA03-EC5F366B9936}"
EndProject
Project("{2150E333-8FDC-42A3-9474-1A3956D46DE8}") = "Infrastructure", "Infrastructure", "{2DCDE48D-C9FE-4944-98BA-421F867C7712}"
EndProject
Project("{2150E333-8FDC-42A3-9474-1A3956D46DE8}") = "Test", "Test", "{AD2DE6A9-3A1D-4FE7-A559-40D9C70A4015}"
EndProject
Project("{FAE04EC0-301F-11D3-BF4B-00C04F79EFBC}") = "Infrastructure", "Sample\Infrastructure\Infrastructure\Infrastructure.csproj", "{C59441F0-0A01-4CAA-A3C4-49BA941D8FAF}"
EndProject
Project("{2150E333-8FDC-42A3-9474-1A3956D46DE8}") = "HealthChecks", "HealthChecks", "{1D0B4A42-3E7E-4304-AC10-F9260AE3E0AF}"
EndProject
Project("{FAE04EC0-301F-11D3-BF4B-00C04F79EFBC}") = "Microsoft.AspNetCore.HealthChecks", "Sample\Infrastructure\HealthChecks\src\Microsoft.AspNetCore.HealthChecks\Microsoft.AspNetCore.HealthChecks.csproj", "{18D543CE-6376-4E7F-9B0B-2801B6E9F833}"
EndProject
Project("{FAE04EC0-301F-11D3-BF4B-00C04F79EFBC}") = "Microsoft.Extensions.HealthChecks", "Sample\Infrastructure\HealthChecks\src\Microsoft.Extensions.HealthChecks\Microsoft.Extensions.HealthChecks.csproj", "{D2ED7959-48E0-47BC-820B-687A4741251A}"
EndProject
Project("{FAE04EC0-301F-11D3-BF4B-00C04F79EFBC}") = "Microsoft.Extensions.HealthChecks.SqlServer", "Sample\Infrastructure\HealthChecks\src\Microsoft.Extensions.HealthChecks.SqlServer\Microsoft.Extensions.HealthChecks.SqlServer.csproj", "{8ABF1F60-40BE-42FE-AF45-732C321DC0C1}"
EndProject
Project("{2150E333-8FDC-42A3-9474-1A3956D46DE8}") = "WebHostCustomization", "WebHostCustomization", "{AAB5F02B-8FFD-4EC8-8997-501781BD0661}"
EndProject
Project("{FAE04EC0-301F-11D3-BF4B-00C04F79EFBC}") = "WebHost.Customization", "Sample\Infrastructure\WebHostCustomization\WebHost.Customization\WebHost.Customization.csproj", "{D6610210-84B1-4778-BB45-546487C36F8D}"
EndProject
Project("{FAE04EC0-301F-11D3-BF4B-00C04F79EFBC}") = "CqrsFramework.EventStore.IntegrationEventLogEF", "Framework\CqrsFramework.EventStore.IntegrationEventLogEF\CqrsFramework.EventStore.IntegrationEventLogEF.csproj", "{838BA18A-7998-463A-AEF6-828B44924875}"
EndProject
Project("{FAE04EC0-301F-11D3-BF4B-00C04F79EFBC}") = "HealthChecks.MySQL", "Sample\Infrastructure\HealthChecks\src\HealthChecks.MySQL\HealthChecks.MySQL.csproj", "{6D8B6821-D9F6-4D9F-A2FE-441774CB184C}"
EndProject
Project("{FAE04EC0-301F-11D3-BF4B-00C04F79EFBC}") = "SaaSEqt.IdentityAccess.Infra.Services", "Sample\SaaSEqt\SaaSEqt.IdentityAccess.Infra.Services\SaaSEqt.IdentityAccess.Infra.Services.csproj", "{2469F5F0-BF83-41A9-9439-42547EE8112B}"
EndProject
Project("{FAE04EC0-301F-11D3-BF4B-00C04F79EFBC}") = "DatabaseInitializer", "Sample\Reservation\v1\DatabaseInitializer\DatabaseInitializer.csproj", "{5133F7BD-1DD1-49D4-AC74-83510C69A306}"
EndProject
Project("{9344BDBB-3E7F-41FC-A0DD-8665D75EE146}") = "Business.Common", "Sample\Reservation\v1\Business\Business.Common\Business.Common.csproj", "{B059A80B-B554-4BF1-A667-743383BF61BB}"
EndProject
Global
	GlobalSection(SolutionConfigurationPlatforms) = preSolution
		Debug|Any CPU = Debug|Any CPU
		Release|Any CPU = Release|Any CPU
	EndGlobalSection
	GlobalSection(ProjectConfigurationPlatforms) = postSolution
		{2DF95572-5CF5-463A-97D0-DFF3C72FD6EF}.Debug|Any CPU.ActiveCfg = Debug|Any CPU
		{2DF95572-5CF5-463A-97D0-DFF3C72FD6EF}.Debug|Any CPU.Build.0 = Debug|Any CPU
		{2DF95572-5CF5-463A-97D0-DFF3C72FD6EF}.Release|Any CPU.ActiveCfg = Release|Any CPU
		{2DF95572-5CF5-463A-97D0-DFF3C72FD6EF}.Release|Any CPU.Build.0 = Release|Any CPU
		{DDD75F6D-1B10-462E-9D26-AFE883736AC9}.Debug|Any CPU.ActiveCfg = Debug|Any CPU
		{DDD75F6D-1B10-462E-9D26-AFE883736AC9}.Debug|Any CPU.Build.0 = Debug|Any CPU
		{DDD75F6D-1B10-462E-9D26-AFE883736AC9}.Release|Any CPU.ActiveCfg = Release|Any CPU
		{DDD75F6D-1B10-462E-9D26-AFE883736AC9}.Release|Any CPU.Build.0 = Release|Any CPU
		{29717E0D-4FB3-4B59-ACB2-41F7756A57F5}.Debug|Any CPU.ActiveCfg = Debug|Any CPU
		{29717E0D-4FB3-4B59-ACB2-41F7756A57F5}.Debug|Any CPU.Build.0 = Debug|Any CPU
		{29717E0D-4FB3-4B59-ACB2-41F7756A57F5}.Release|Any CPU.ActiveCfg = Release|Any CPU
		{29717E0D-4FB3-4B59-ACB2-41F7756A57F5}.Release|Any CPU.Build.0 = Release|Any CPU
		{7D7611F0-9498-4050-A880-D06383BDB1E9}.Debug|Any CPU.ActiveCfg = Debug|Any CPU
		{7D7611F0-9498-4050-A880-D06383BDB1E9}.Debug|Any CPU.Build.0 = Debug|Any CPU
		{7D7611F0-9498-4050-A880-D06383BDB1E9}.Release|Any CPU.ActiveCfg = Release|Any CPU
		{7D7611F0-9498-4050-A880-D06383BDB1E9}.Release|Any CPU.Build.0 = Release|Any CPU
		{ADFAC7CD-9D83-4FE9-8314-5EE382B4D564}.Debug|Any CPU.ActiveCfg = Debug|Any CPU
		{ADFAC7CD-9D83-4FE9-8314-5EE382B4D564}.Debug|Any CPU.Build.0 = Debug|Any CPU
		{ADFAC7CD-9D83-4FE9-8314-5EE382B4D564}.Release|Any CPU.ActiveCfg = Release|Any CPU
		{ADFAC7CD-9D83-4FE9-8314-5EE382B4D564}.Release|Any CPU.Build.0 = Release|Any CPU
		{9381ADA7-D4B5-452E-AC28-B7FAF2CF1561}.Debug|Any CPU.ActiveCfg = Debug|Any CPU
		{9381ADA7-D4B5-452E-AC28-B7FAF2CF1561}.Debug|Any CPU.Build.0 = Debug|Any CPU
		{9381ADA7-D4B5-452E-AC28-B7FAF2CF1561}.Release|Any CPU.ActiveCfg = Release|Any CPU
		{9381ADA7-D4B5-452E-AC28-B7FAF2CF1561}.Release|Any CPU.Build.0 = Release|Any CPU
		{0E80C14B-E6E2-44AD-B307-8B44A14009D8}.Debug|Any CPU.ActiveCfg = Debug|Any CPU
		{0E80C14B-E6E2-44AD-B307-8B44A14009D8}.Debug|Any CPU.Build.0 = Debug|Any CPU
		{0E80C14B-E6E2-44AD-B307-8B44A14009D8}.Release|Any CPU.ActiveCfg = Release|Any CPU
		{0E80C14B-E6E2-44AD-B307-8B44A14009D8}.Release|Any CPU.Build.0 = Release|Any CPU
		{B4FFCFF8-A973-4A8E-909D-6063022511BA}.Debug|Any CPU.ActiveCfg = Debug|Any CPU
		{B4FFCFF8-A973-4A8E-909D-6063022511BA}.Debug|Any CPU.Build.0 = Debug|Any CPU
		{B4FFCFF8-A973-4A8E-909D-6063022511BA}.Release|Any CPU.ActiveCfg = Release|Any CPU
		{B4FFCFF8-A973-4A8E-909D-6063022511BA}.Release|Any CPU.Build.0 = Release|Any CPU
		{86A7D739-0543-4538-BF10-938EE313A03A}.Debug|Any CPU.ActiveCfg = Debug|Any CPU
		{86A7D739-0543-4538-BF10-938EE313A03A}.Debug|Any CPU.Build.0 = Debug|Any CPU
		{86A7D739-0543-4538-BF10-938EE313A03A}.Release|Any CPU.ActiveCfg = Release|Any CPU
		{86A7D739-0543-4538-BF10-938EE313A03A}.Release|Any CPU.Build.0 = Release|Any CPU
		{098B87F7-CE4C-42B8-8C6E-30EEF01922B7}.Debug|Any CPU.ActiveCfg = Debug|Any CPU
		{098B87F7-CE4C-42B8-8C6E-30EEF01922B7}.Debug|Any CPU.Build.0 = Debug|Any CPU
		{098B87F7-CE4C-42B8-8C6E-30EEF01922B7}.Release|Any CPU.ActiveCfg = Release|Any CPU
		{098B87F7-CE4C-42B8-8C6E-30EEF01922B7}.Release|Any CPU.Build.0 = Release|Any CPU
		{56555B34-8591-45A3-9E04-09E9D6A132ED}.Debug|Any CPU.ActiveCfg = Debug|Any CPU
		{56555B34-8591-45A3-9E04-09E9D6A132ED}.Debug|Any CPU.Build.0 = Debug|Any CPU
		{56555B34-8591-45A3-9E04-09E9D6A132ED}.Release|Any CPU.ActiveCfg = Release|Any CPU
		{56555B34-8591-45A3-9E04-09E9D6A132ED}.Release|Any CPU.Build.0 = Release|Any CPU
		{ED3CFC88-F655-4D81-B804-1B856C643A84}.Debug|Any CPU.ActiveCfg = Debug|Any CPU
		{ED3CFC88-F655-4D81-B804-1B856C643A84}.Debug|Any CPU.Build.0 = Debug|Any CPU
		{ED3CFC88-F655-4D81-B804-1B856C643A84}.Release|Any CPU.ActiveCfg = Release|Any CPU
		{ED3CFC88-F655-4D81-B804-1B856C643A84}.Release|Any CPU.Build.0 = Release|Any CPU
		{B679562E-9F24-44F5-A2B7-7CAFA1345A45}.Debug|Any CPU.ActiveCfg = Debug|Any CPU
		{B679562E-9F24-44F5-A2B7-7CAFA1345A45}.Debug|Any CPU.Build.0 = Debug|Any CPU
		{B679562E-9F24-44F5-A2B7-7CAFA1345A45}.Release|Any CPU.ActiveCfg = Release|Any CPU
		{B679562E-9F24-44F5-A2B7-7CAFA1345A45}.Release|Any CPU.Build.0 = Release|Any CPU
		{2F2DE914-B249-4B3D-A1DB-A7D87DF52C1E}.Debug|Any CPU.ActiveCfg = Debug|Any CPU
		{2F2DE914-B249-4B3D-A1DB-A7D87DF52C1E}.Debug|Any CPU.Build.0 = Debug|Any CPU
		{2F2DE914-B249-4B3D-A1DB-A7D87DF52C1E}.Release|Any CPU.ActiveCfg = Release|Any CPU
		{2F2DE914-B249-4B3D-A1DB-A7D87DF52C1E}.Release|Any CPU.Build.0 = Release|Any CPU
		{2E413386-5DD6-4B43-8672-A49C65CC1C61}.Debug|Any CPU.ActiveCfg = Debug|Any CPU
		{2E413386-5DD6-4B43-8672-A49C65CC1C61}.Debug|Any CPU.Build.0 = Debug|Any CPU
		{2E413386-5DD6-4B43-8672-A49C65CC1C61}.Release|Any CPU.ActiveCfg = Release|Any CPU
		{2E413386-5DD6-4B43-8672-A49C65CC1C61}.Release|Any CPU.Build.0 = Release|Any CPU
		{61701269-788C-41BB-8767-11760883FD28}.Debug|Any CPU.ActiveCfg = Debug|Any CPU
		{61701269-788C-41BB-8767-11760883FD28}.Debug|Any CPU.Build.0 = Debug|Any CPU
		{61701269-788C-41BB-8767-11760883FD28}.Release|Any CPU.ActiveCfg = Release|Any CPU
		{61701269-788C-41BB-8767-11760883FD28}.Release|Any CPU.Build.0 = Release|Any CPU
		{5EE42B4E-4816-4579-AE35-5E8DDA282C72}.Debug|Any CPU.ActiveCfg = Debug|Any CPU
		{5EE42B4E-4816-4579-AE35-5E8DDA282C72}.Debug|Any CPU.Build.0 = Debug|Any CPU
		{5EE42B4E-4816-4579-AE35-5E8DDA282C72}.Release|Any CPU.ActiveCfg = Release|Any CPU
		{5EE42B4E-4816-4579-AE35-5E8DDA282C72}.Release|Any CPU.Build.0 = Release|Any CPU
		{9B5403F9-B7BA-493A-9D5D-7D1BB6533070}.Debug|Any CPU.ActiveCfg = Debug|Any CPU
		{9B5403F9-B7BA-493A-9D5D-7D1BB6533070}.Debug|Any CPU.Build.0 = Debug|Any CPU
		{9B5403F9-B7BA-493A-9D5D-7D1BB6533070}.Release|Any CPU.ActiveCfg = Release|Any CPU
		{9B5403F9-B7BA-493A-9D5D-7D1BB6533070}.Release|Any CPU.Build.0 = Release|Any CPU
		{7C98FB32-013F-4678-876D-2DAC614200BB}.Debug|Any CPU.ActiveCfg = Debug|Any CPU
		{7C98FB32-013F-4678-876D-2DAC614200BB}.Debug|Any CPU.Build.0 = Debug|Any CPU
		{7C98FB32-013F-4678-876D-2DAC614200BB}.Release|Any CPU.ActiveCfg = Release|Any CPU
		{7C98FB32-013F-4678-876D-2DAC614200BB}.Release|Any CPU.Build.0 = Release|Any CPU
		{CD6CD11A-599D-4073-9E9E-D594FB81E1ED}.Debug|Any CPU.ActiveCfg = Debug|Any CPU
		{CD6CD11A-599D-4073-9E9E-D594FB81E1ED}.Debug|Any CPU.Build.0 = Debug|Any CPU
		{CD6CD11A-599D-4073-9E9E-D594FB81E1ED}.Release|Any CPU.ActiveCfg = Release|Any CPU
		{CD6CD11A-599D-4073-9E9E-D594FB81E1ED}.Release|Any CPU.Build.0 = Release|Any CPU
		{062CCDF5-F6BC-465D-9581-CB89295E751E}.Debug|Any CPU.ActiveCfg = Debug|Any CPU
		{062CCDF5-F6BC-465D-9581-CB89295E751E}.Debug|Any CPU.Build.0 = Debug|Any CPU
		{062CCDF5-F6BC-465D-9581-CB89295E751E}.Release|Any CPU.ActiveCfg = Release|Any CPU
		{062CCDF5-F6BC-465D-9581-CB89295E751E}.Release|Any CPU.Build.0 = Release|Any CPU
		{401114B9-F979-4E3A-80D0-75D3F997C749}.Debug|Any CPU.ActiveCfg = Debug|Any CPU
		{401114B9-F979-4E3A-80D0-75D3F997C749}.Debug|Any CPU.Build.0 = Debug|Any CPU
		{401114B9-F979-4E3A-80D0-75D3F997C749}.Release|Any CPU.ActiveCfg = Release|Any CPU
		{401114B9-F979-4E3A-80D0-75D3F997C749}.Release|Any CPU.Build.0 = Release|Any CPU
		{88E6F692-E54F-4EAD-8AA0-FC2A75B96EB5}.Debug|Any CPU.ActiveCfg = Debug|Any CPU
		{88E6F692-E54F-4EAD-8AA0-FC2A75B96EB5}.Debug|Any CPU.Build.0 = Debug|Any CPU
		{88E6F692-E54F-4EAD-8AA0-FC2A75B96EB5}.Release|Any CPU.ActiveCfg = Release|Any CPU
		{88E6F692-E54F-4EAD-8AA0-FC2A75B96EB5}.Release|Any CPU.Build.0 = Release|Any CPU
		{652A69A7-E688-4EBA-BBF6-2A09571A79FB}.Debug|Any CPU.ActiveCfg = Debug|Any CPU
		{652A69A7-E688-4EBA-BBF6-2A09571A79FB}.Debug|Any CPU.Build.0 = Debug|Any CPU
		{652A69A7-E688-4EBA-BBF6-2A09571A79FB}.Release|Any CPU.ActiveCfg = Release|Any CPU
		{652A69A7-E688-4EBA-BBF6-2A09571A79FB}.Release|Any CPU.Build.0 = Release|Any CPU
		{0F3DAB0B-053D-4DB0-93E1-8A02268393CD}.Debug|Any CPU.ActiveCfg = Debug|Any CPU
		{0F3DAB0B-053D-4DB0-93E1-8A02268393CD}.Debug|Any CPU.Build.0 = Debug|Any CPU
		{0F3DAB0B-053D-4DB0-93E1-8A02268393CD}.Release|Any CPU.ActiveCfg = Release|Any CPU
		{0F3DAB0B-053D-4DB0-93E1-8A02268393CD}.Release|Any CPU.Build.0 = Release|Any CPU
		{A0BC9678-E38B-4C89-BA03-EC5F366B9936}.Debug|Any CPU.ActiveCfg = Debug|Any CPU
		{A0BC9678-E38B-4C89-BA03-EC5F366B9936}.Debug|Any CPU.Build.0 = Debug|Any CPU
		{A0BC9678-E38B-4C89-BA03-EC5F366B9936}.Release|Any CPU.ActiveCfg = Release|Any CPU
		{A0BC9678-E38B-4C89-BA03-EC5F366B9936}.Release|Any CPU.Build.0 = Release|Any CPU
		{C59441F0-0A01-4CAA-A3C4-49BA941D8FAF}.Debug|Any CPU.ActiveCfg = Debug|Any CPU
		{C59441F0-0A01-4CAA-A3C4-49BA941D8FAF}.Debug|Any CPU.Build.0 = Debug|Any CPU
		{C59441F0-0A01-4CAA-A3C4-49BA941D8FAF}.Release|Any CPU.ActiveCfg = Release|Any CPU
		{C59441F0-0A01-4CAA-A3C4-49BA941D8FAF}.Release|Any CPU.Build.0 = Release|Any CPU
		{18D543CE-6376-4E7F-9B0B-2801B6E9F833}.Debug|Any CPU.ActiveCfg = Debug|Any CPU
		{18D543CE-6376-4E7F-9B0B-2801B6E9F833}.Debug|Any CPU.Build.0 = Debug|Any CPU
		{18D543CE-6376-4E7F-9B0B-2801B6E9F833}.Release|Any CPU.ActiveCfg = Release|Any CPU
		{18D543CE-6376-4E7F-9B0B-2801B6E9F833}.Release|Any CPU.Build.0 = Release|Any CPU
		{D2ED7959-48E0-47BC-820B-687A4741251A}.Debug|Any CPU.ActiveCfg = Debug|Any CPU
		{D2ED7959-48E0-47BC-820B-687A4741251A}.Debug|Any CPU.Build.0 = Debug|Any CPU
		{D2ED7959-48E0-47BC-820B-687A4741251A}.Release|Any CPU.ActiveCfg = Release|Any CPU
		{D2ED7959-48E0-47BC-820B-687A4741251A}.Release|Any CPU.Build.0 = Release|Any CPU
		{8ABF1F60-40BE-42FE-AF45-732C321DC0C1}.Debug|Any CPU.ActiveCfg = Debug|Any CPU
		{8ABF1F60-40BE-42FE-AF45-732C321DC0C1}.Debug|Any CPU.Build.0 = Debug|Any CPU
		{8ABF1F60-40BE-42FE-AF45-732C321DC0C1}.Release|Any CPU.ActiveCfg = Release|Any CPU
		{8ABF1F60-40BE-42FE-AF45-732C321DC0C1}.Release|Any CPU.Build.0 = Release|Any CPU
		{D6610210-84B1-4778-BB45-546487C36F8D}.Debug|Any CPU.ActiveCfg = Debug|Any CPU
		{D6610210-84B1-4778-BB45-546487C36F8D}.Debug|Any CPU.Build.0 = Debug|Any CPU
		{D6610210-84B1-4778-BB45-546487C36F8D}.Release|Any CPU.ActiveCfg = Release|Any CPU
		{D6610210-84B1-4778-BB45-546487C36F8D}.Release|Any CPU.Build.0 = Release|Any CPU
		{838BA18A-7998-463A-AEF6-828B44924875}.Debug|Any CPU.ActiveCfg = Debug|Any CPU
		{838BA18A-7998-463A-AEF6-828B44924875}.Debug|Any CPU.Build.0 = Debug|Any CPU
		{838BA18A-7998-463A-AEF6-828B44924875}.Release|Any CPU.ActiveCfg = Release|Any CPU
		{838BA18A-7998-463A-AEF6-828B44924875}.Release|Any CPU.Build.0 = Release|Any CPU
		{6D8B6821-D9F6-4D9F-A2FE-441774CB184C}.Debug|Any CPU.ActiveCfg = Debug|Any CPU
		{6D8B6821-D9F6-4D9F-A2FE-441774CB184C}.Debug|Any CPU.Build.0 = Debug|Any CPU
		{6D8B6821-D9F6-4D9F-A2FE-441774CB184C}.Release|Any CPU.ActiveCfg = Release|Any CPU
		{6D8B6821-D9F6-4D9F-A2FE-441774CB184C}.Release|Any CPU.Build.0 = Release|Any CPU
		{2469F5F0-BF83-41A9-9439-42547EE8112B}.Debug|Any CPU.ActiveCfg = Debug|Any CPU
		{2469F5F0-BF83-41A9-9439-42547EE8112B}.Debug|Any CPU.Build.0 = Debug|Any CPU
		{2469F5F0-BF83-41A9-9439-42547EE8112B}.Release|Any CPU.ActiveCfg = Release|Any CPU
		{2469F5F0-BF83-41A9-9439-42547EE8112B}.Release|Any CPU.Build.0 = Release|Any CPU
		{5133F7BD-1DD1-49D4-AC74-83510C69A306}.Debug|Any CPU.ActiveCfg = Debug|Any CPU
		{5133F7BD-1DD1-49D4-AC74-83510C69A306}.Debug|Any CPU.Build.0 = Debug|Any CPU
		{5133F7BD-1DD1-49D4-AC74-83510C69A306}.Release|Any CPU.ActiveCfg = Release|Any CPU
		{5133F7BD-1DD1-49D4-AC74-83510C69A306}.Release|Any CPU.Build.0 = Release|Any CPU
		{B059A80B-B554-4BF1-A667-743383BF61BB}.Debug|Any CPU.ActiveCfg = Debug|Any CPU
		{B059A80B-B554-4BF1-A667-743383BF61BB}.Debug|Any CPU.Build.0 = Debug|Any CPU
		{B059A80B-B554-4BF1-A667-743383BF61BB}.Release|Any CPU.ActiveCfg = Release|Any CPU
		{B059A80B-B554-4BF1-A667-743383BF61BB}.Release|Any CPU.Build.0 = Release|Any CPU
	EndGlobalSection
	GlobalSection(SolutionProperties) = preSolution
		HideSolutionNode = FALSE
	EndGlobalSection
	GlobalSection(NestedProjects) = preSolution
		{2DF95572-5CF5-463A-97D0-DFF3C72FD6EF} = {CCDA44F7-DC3F-4337-8D2B-005AE17A5B73}
		{DDD75F6D-1B10-462E-9D26-AFE883736AC9} = {CCDA44F7-DC3F-4337-8D2B-005AE17A5B73}
		{29717E0D-4FB3-4B59-ACB2-41F7756A57F5} = {CCDA44F7-DC3F-4337-8D2B-005AE17A5B73}
		{7D7611F0-9498-4050-A880-D06383BDB1E9} = {CCDA44F7-DC3F-4337-8D2B-005AE17A5B73}
		{FBB18596-DF87-4833-A852-C0730D77B93C} = {C26B01E4-52DF-4FF2-8B4F-ECB41998FE23}
		{ADFAC7CD-9D83-4FE9-8314-5EE382B4D564} = {CCDA44F7-DC3F-4337-8D2B-005AE17A5B73}
		{9381ADA7-D4B5-452E-AC28-B7FAF2CF1561} = {CCDA44F7-DC3F-4337-8D2B-005AE17A5B73}
		{0E80C14B-E6E2-44AD-B307-8B44A14009D8} = {CCDA44F7-DC3F-4337-8D2B-005AE17A5B73}
		{758ACD84-D8E2-4ED2-830E-718CF8F44E80} = {FBB18596-DF87-4833-A852-C0730D77B93C}
		{29A4E306-D48B-4F8E-9806-EC88A84909AB} = {758ACD84-D8E2-4ED2-830E-718CF8F44E80}
		{151C2F7D-2C60-409B-ABD1-2FB92BB889D0} = {758ACD84-D8E2-4ED2-830E-718CF8F44E80}
		{E6EB41EF-6AF2-4AFA-9974-F863A00C332D} = {758ACD84-D8E2-4ED2-830E-718CF8F44E80}
		{41EA523D-4F9A-4308-85AC-1B37CAF6EB29} = {758ACD84-D8E2-4ED2-830E-718CF8F44E80}
		{AFA1E0D8-755C-4E52-BE54-7CA85B90A387} = {758ACD84-D8E2-4ED2-830E-718CF8F44E80}
		{841A5922-A7EC-41EE-8A34-F876FC971139} = {758ACD84-D8E2-4ED2-830E-718CF8F44E80}
		{07CB7911-242E-432F-91E2-A2266DBC9C63} = {758ACD84-D8E2-4ED2-830E-718CF8F44E80}
		{B4FFCFF8-A973-4A8E-909D-6063022511BA} = {41EA523D-4F9A-4308-85AC-1B37CAF6EB29}
		{86A7D739-0543-4538-BF10-938EE313A03A} = {E6EB41EF-6AF2-4AFA-9974-F863A00C332D}
		{098B87F7-CE4C-42B8-8C6E-30EEF01922B7} = {151C2F7D-2C60-409B-ABD1-2FB92BB889D0}
		{0505AB92-62F1-42F8-B6F4-7ACF1D319773} = {758ACD84-D8E2-4ED2-830E-718CF8F44E80}
		{8666C2DB-1980-4E22-840B-52E4AD6A8CF4} = {FBB18596-DF87-4833-A852-C0730D77B93C}
		{93D9D871-8FF7-443F-9885-6FE980285EB1} = {8666C2DB-1980-4E22-840B-52E4AD6A8CF4}
		{AD5C9594-7974-47EB-92C7-733C155BCAA6} = {8666C2DB-1980-4E22-840B-52E4AD6A8CF4}
		{56555B34-8591-45A3-9E04-09E9D6A132ED} = {93D9D871-8FF7-443F-9885-6FE980285EB1}
		{ED3CFC88-F655-4D81-B804-1B856C643A84} = {93D9D871-8FF7-443F-9885-6FE980285EB1}
		{B679562E-9F24-44F5-A2B7-7CAFA1345A45} = {93D9D871-8FF7-443F-9885-6FE980285EB1}
		{2F2DE914-B249-4B3D-A1DB-A7D87DF52C1E} = {93D9D871-8FF7-443F-9885-6FE980285EB1}
		{2E413386-5DD6-4B43-8672-A49C65CC1C61} = {93D9D871-8FF7-443F-9885-6FE980285EB1}
		{61701269-788C-41BB-8767-11760883FD28} = {AD5C9594-7974-47EB-92C7-733C155BCAA6}
		{5EE42B4E-4816-4579-AE35-5E8DDA282C72} = {AD5C9594-7974-47EB-92C7-733C155BCAA6}
		{9B5403F9-B7BA-493A-9D5D-7D1BB6533070} = {AD5C9594-7974-47EB-92C7-733C155BCAA6}
		{7C98FB32-013F-4678-876D-2DAC614200BB} = {AD5C9594-7974-47EB-92C7-733C155BCAA6}
		{CD6CD11A-599D-4073-9E9E-D594FB81E1ED} = {AD5C9594-7974-47EB-92C7-733C155BCAA6}
		{9CFC7A59-2C9F-4D52-A915-B77957B52031} = {C26B01E4-52DF-4FF2-8B4F-ECB41998FE23}
		{D60CBDF4-939F-49B9-9A6C-0CB3A82718D8} = {C26B01E4-52DF-4FF2-8B4F-ECB41998FE23}
		{062CCDF5-F6BC-465D-9581-CB89295E751E} = {D60CBDF4-939F-49B9-9A6C-0CB3A82718D8}
		{401114B9-F979-4E3A-80D0-75D3F997C749} = {D60CBDF4-939F-49B9-9A6C-0CB3A82718D8}
		{88E6F692-E54F-4EAD-8AA0-FC2A75B96EB5} = {D60CBDF4-939F-49B9-9A6C-0CB3A82718D8}
		{652A69A7-E688-4EBA-BBF6-2A09571A79FB} = {D60CBDF4-939F-49B9-9A6C-0CB3A82718D8}
		{0F3DAB0B-053D-4DB0-93E1-8A02268393CD} = {2DCDE48D-C9FE-4944-98BA-421F867C7712}
		{3F07E60B-B177-48F7-ADB3-034E2EA5FC97} = {8666C2DB-1980-4E22-840B-52E4AD6A8CF4}
		{A0BC9678-E38B-4C89-BA03-EC5F366B9936} = {3F07E60B-B177-48F7-ADB3-034E2EA5FC97}
		{2DCDE48D-C9FE-4944-98BA-421F867C7712} = {8666C2DB-1980-4E22-840B-52E4AD6A8CF4}
		{AD2DE6A9-3A1D-4FE7-A559-40D9C70A4015} = {8666C2DB-1980-4E22-840B-52E4AD6A8CF4}
		{C59441F0-0A01-4CAA-A3C4-49BA941D8FAF} = {9CFC7A59-2C9F-4D52-A915-B77957B52031}
		{1D0B4A42-3E7E-4304-AC10-F9260AE3E0AF} = {9CFC7A59-2C9F-4D52-A915-B77957B52031}
		{18D543CE-6376-4E7F-9B0B-2801B6E9F833} = {1D0B4A42-3E7E-4304-AC10-F9260AE3E0AF}
		{D2ED7959-48E0-47BC-820B-687A4741251A} = {1D0B4A42-3E7E-4304-AC10-F9260AE3E0AF}
		{8ABF1F60-40BE-42FE-AF45-732C321DC0C1} = {1D0B4A42-3E7E-4304-AC10-F9260AE3E0AF}
		{AAB5F02B-8FFD-4EC8-8997-501781BD0661} = {9CFC7A59-2C9F-4D52-A915-B77957B52031}
		{D6610210-84B1-4778-BB45-546487C36F8D} = {AAB5F02B-8FFD-4EC8-8997-501781BD0661}
		{838BA18A-7998-463A-AEF6-828B44924875} = {CCDA44F7-DC3F-4337-8D2B-005AE17A5B73}
		{6D8B6821-D9F6-4D9F-A2FE-441774CB184C} = {1D0B4A42-3E7E-4304-AC10-F9260AE3E0AF}
		{2469F5F0-BF83-41A9-9439-42547EE8112B} = {D60CBDF4-939F-49B9-9A6C-0CB3A82718D8}
		{5133F7BD-1DD1-49D4-AC74-83510C69A306} = {8666C2DB-1980-4E22-840B-52E4AD6A8CF4}
		{B059A80B-B554-4BF1-A667-743383BF61BB} = {93D9D871-8FF7-443F-9885-6FE980285EB1}
	EndGlobalSection
EndGlobal
